
Microsoft Visual Studio Solution File, Format Version 12.00
# Visual Studio Version 17
VisualStudioVersion = 17.0.31903.59
MinimumVisualStudioVersion = 10.0.40219.1
Project("{FAE04EC0-301F-11D3-BF4B-00C04F79EFBC}") = "GeometryAppLib", "GeometryAppLib\GeometryAppLib.csproj", "{0D822AEC-61E9-4A1B-AE98-1295B921B851}"
EndProject
Project("{FAE04EC0-301F-11D3-BF4B-00C04F79EFBC}") = "GeometryApp", "GeometryApp\GeometryApp.csproj", "{8905EA5D-D072-4DF2-8255-60936A784C09}"
EndProject
Project("{FAE04EC0-301F-11D3-BF4B-00C04F79EFBC}") = "GeometryTests", "GeometryTests\GeometryTests.csproj", "{46BDCC3C-9054-4D24-BFC2-B1E735D33F1A}"
EndProject
Global
	GlobalSection(SolutionConfigurationPlatforms) = preSolution
		Debug|Any CPU = Debug|Any CPU
		Release|Any CPU = Release|Any CPU
	EndGlobalSection
	GlobalSection(SolutionProperties) = preSolution
		HideSolutionNode = FALSE
	EndGlobalSection
	GlobalSection(ProjectConfigurationPlatforms) = postSolution
		{0D822AEC-61E9-4A1B-AE98-1295B921B851}.Debug|Any CPU.ActiveCfg = Debug|Any CPU
		{0D822AEC-61E9-4A1B-AE98-1295B921B851}.Debug|Any CPU.Build.0 = Debug|Any CPU
		{0D822AEC-61E9-4A1B-AE98-1295B921B851}.Release|Any CPU.ActiveCfg = Release|Any CPU
		{0D822AEC-61E9-4A1B-AE98-1295B921B851}.Release|Any CPU.Build.0 = Release|Any CPU
		{8905EA5D-D072-4DF2-8255-60936A784C09}.Debug|Any CPU.ActiveCfg = Debug|Any CPU
		{8905EA5D-D072-4DF2-8255-60936A784C09}.Debug|Any CPU.Build.0 = Debug|Any CPU
		{8905EA5D-D072-4DF2-8255-60936A784C09}.Release|Any CPU.ActiveCfg = Release|Any CPU
		{8905EA5D-D072-4DF2-8255-60936A784C09}.Release|Any CPU.Build.0 = Release|Any CPU
		{46BDCC3C-9054-4D24-BFC2-B1E735D33F1A}.Debug|Any CPU.ActiveCfg = Debug|Any CPU
		{46BDCC3C-9054-4D24-BFC2-B1E735D33F1A}.Debug|Any CPU.Build.0 = Debug|Any CPU
		{46BDCC3C-9054-4D24-BFC2-B1E735D33F1A}.Release|Any CPU.ActiveCfg = Release|Any CPU
		{46BDCC3C-9054-4D24-BFC2-B1E735D33F1A}.Release|Any CPU.Build.0 = Release|Any CPU
	EndGlobalSection
EndGlobal
